<?xml version="1.0" encoding="utf-8"?>
<Project ToolsVersion="4.0" xmlns="http://schemas.microsoft.com/developer/msbuild/2003">
  <ItemGroup>
    <Filter Include="Assets">
      <UniqueIdentifier>{aa2dff80-cc46-4aaa-9c9e-7784c2a0cdf0}</UniqueIdentifier>
    </Filter>
    <Filter Include="Assets\modelData">
      <UniqueIdentifier>{a27dfd5d-af93-4623-b084-aad00b7739c4}</UniqueIdentifier>
    </Filter>
  </ItemGroup>
  <ItemGroup>
    <ClCompile Include="Game\Actor\Player\Player.cpp" />
    <ClCompile Include="Game\main.cpp" />
    <ClCompile Include="Game\stdafx.cpp" />
    <ClCompile Include="Game\Scene\Title.cpp" />
    <ClCompile Include="Game\Scene\Stage1.cpp" />
    <ClCompile Include="Game\Camera\PlayerCamera.cpp" />
    <ClCompile Include="Game\Actor\Actor.cpp" />
    <ClCompile Include="Game\Util\CharaConEx.cpp" />
    <ClCompile Include="Game\Util\BarGauge.cpp" />
    <ClCompile Include="Game\Scene\IStage.cpp" />
    <ClCompile Include="Game\Actor\Player\Shield.cpp" />
    <ClCompile Include="Game\Actor\Player\Act\Guard.cpp" />
    <ClCompile Include="Game\Actor\Player\Act\Attack.cpp" />
    <ClCompile Include="Game\Actor\Player\Act\Roll.cpp" />
    <ClCompile Include="Game\Actor\Player\Stamina.cpp" />
    <ClCompile Include="Game\Util\DisplayText.cpp" />
    <ClCompile Include="Game\Ground\CollisionModel.cpp" />
    <ClCompile Include="Game\Util\Fade.cpp" />
    <ClCompile Include="Game\Actor\Player\Act\Damage.cpp" />
    <ClCompile Include="Game\Ground\TriggerCollision.cpp" />
    <ClCompile Include="Game\Util\MiniBarGauge.cpp" />
    <ClCompile Include="Game\Weapon\Weapon.cpp" />
    <ClCompile Include="Game\Weapon\ActorHitCollision.cpp" />
    <ClCompile Include="Game\Weapon\ModelArmWeapon.cpp" />
    <ClCompile Include="Game\Weapon\ArmWeapon.cpp" />
    <ClCompile Include="Game\Actor\Enemy\Yowai\Yowai.cpp" />
    <ClCompile Include="Game\Actor\Act\Act.cpp" />
    <ClCompile Include="Game\Actor\Player\Act\PlayerAct.cpp" />
    <ClCompile Include="Game\Actor\Enemy\Act\EnemyAct.cpp" />
    <ClCompile Include="Game\Actor\Enemy\Act\Chase.cpp" />
    <ClCompile Include="Game\Actor\Enemy\Troll\Act\TrollAttack.cpp" />
    <ClCompile Include="Game\Actor\Enemy\Troll\Act\TrollHip.cpp" />
    <ClCompile Include="Game\Actor\Enemy\Troll\Act\TrollIdle.cpp" />
    <ClCompile Include="Game\Actor\Enemy\Troll\Act\TrollTackle.cpp" />
    <ClCompile Include="Game\Actor\Enemy\Troll\Act\TrollStep.cpp" />
    <ClCompile Include="Game\Actor\Enemy\Troll\Troll.cpp" />
    <ClCompile Include="Game\Actor\Enemy\Troll\TrollBodyCollision.cpp" />
    <ClCompile Include="Game\Actor\Enemy\Skeleton\Act\SkeAttack.cpp" />
    <ClCompile Include="Game\Actor\Enemy\Skeleton\Act\SkeIdle.cpp" />
    <ClCompile Include="Game\Actor\Enemy\Skeleton\SkeletonEnemy.cpp" />
    <ClCompile Include="Game\Actor\Player\Act\Walker.cpp" />
    <ClCompile Include="Game\Actor\Enemy\Yowai\Act\YowaAttack.cpp" />
    <ClCompile Include="Game\Actor\Enemy\Yowai\Act\YowaIdle.cpp" />
    <ClCompile Include="Game\Actor\Enemy\Act\Hit.cpp" />
    <ClCompile Include="Game\Ground\BigDoor.cpp" />
    <ClCompile Include="Game\Actor\Enemy\Act\SideWalk.cpp" />
    <ClCompile Include="Game\Actor\Enemy\Skeleton\Act\SkeJumpAttack.cpp" />
    <ClCompile Include="Game\Actor\Enemy\Slime\Slime.cpp" />
    <ClCompile Include="Game\Actor\Enemy\Slime\Act\SlimeAvoid.cpp" />
    <ClCompile Include="Game\Actor\Enemy\Slime\Act\SlimeIdle.cpp" />
    <ClCompile Include="Game\Actor\Enemy\Slime\Act\SlimeRollAttack.cpp" />
    <ClCompile Include="Game\Actor\Enemy\Slime\Act\SlimeStrike.cpp" />
    <ClCompile Include="Game\WayPoint\WayPointManager.cpp" />
    <ClCompile Include="Game\Ground\GhostCollision.cpp" />
    <ClCompile Include="Game\Ground\ClearDoor.cpp" />
    <ClCompile Include="Game\Scene\Stage2.cpp" />
    <ClCompile Include="Game\Scene\StageGate.cpp" />
    <ClCompile Include="Game\Actor\Player\Act\JumpAtk.cpp" />
    <ClCompile Include="Game\Ground\SkyBox.cpp" />
    <ClCompile Include="Game\Actor\Enemy\Archer\Archer.cpp" />
    <ClCompile Include="Game\Actor\Enemy\Archer\Act\Shot.cpp" />
    <ClCompile Include="Game\Actor\Enemy\Archer\Act\Idle.cpp" />
    <ClCompile Include="Game\Weapon\Arrow.cpp" />
    <ClCompile Include="Game\Scene\StageManager.cpp" />
    <ClCompile Include="Game\Util\LongPressButton.cpp" />
    <ClCompile Include="Game\Ground\Ladder.cpp" />
    <ClCompile Include="Game\Actor\Player\Act\OnLadder.cpp" />
  </ItemGroup>
  <ItemGroup>
    <ClInclude Include="Game\Actor\Player\Player.h" />
    <ClInclude Include="Game\stdafx.h" />
    <ClInclude Include="Game\Scene\Title.h" />
    <ClInclude Include="Game\Scene\Stage1.h" />
    <ClInclude Include="Game\Camera\PlayerCamera.h" />
    <ClInclude Include="Game\Actor\Actor.h" />
    <ClInclude Include="Game\Util\CharaConEx.h" />
    <ClInclude Include="Game\Util\BarGauge.h" />
    <ClInclude Include="Game\Scene\IStage.h" />
    <ClInclude Include="Game\Actor\Player\Shield.h" />
    <ClInclude Include="Game\Actor\Player\Act\Guard.h" />
    <ClInclude Include="Game\Actor\Player\Act\Attack.h" />
    <ClInclude Include="Game\Actor\Player\Act\Roll.h" />
    <ClInclude Include="Game\Actor\Player\Stamina.h" />
    <ClInclude Include="Game\Util\DisplayText.h" />
    <ClInclude Include="Game\Ground\CollisionModel.h" />
    <ClInclude Include="Game\Util\Fade.h" />
    <ClInclude Include="Game\Actor\Player\Act\Damage.h" />
    <ClInclude Include="Game\Ground\TriggerCollision.h" />
    <ClInclude Include="Game\Util\MiniBarGauge.h" />
    <ClInclude Include="Game\Weapon\Weapon.h" />
    <ClInclude Include="Game\Weapon\ActorHitCollision.h" />
    <ClInclude Include="Game\Weapon\ModelArmWeapon.h" />
    <ClInclude Include="Game\Weapon\ArmWeapon.h" />
    <ClInclude Include="Game\Actor\Enemy\Yowai\Yowai.h" />
    <ClInclude Include="Game\Actor\Act\Act.h" />
    <ClInclude Include="Game\Actor\Player\Act\PlayerAct.h" />
    <ClInclude Include="Game\Actor\Enemy\Act\EnemyAct.h" />
    <ClInclude Include="Game\Actor\Enemy\Act\Chase.h" />
    <ClInclude Include="Game\Actor\Enemy\Troll\Act\TrollAttack.h" />
    <ClInclude Include="Game\Actor\Enemy\Troll\Act\TrollHip.h" />
    <ClInclude Include="Game\Actor\Enemy\Troll\Act\TrollIdle.h" />
    <ClInclude Include="Game\Actor\Enemy\Troll\Act\TrollTackle.h" />
    <ClInclude Include="Game\Actor\Enemy\Troll\Act\TrollStep.h" />
    <ClInclude Include="Game\Actor\Enemy\Troll\TrollBodyCollision.h" />
    <ClInclude Include="Game\Actor\Enemy\Troll\Troll.h" />
    <ClInclude Include="Game\Actor\Enemy\Skeleton\Act\SkeAttack.h" />
    <ClInclude Include="Game\Actor\Enemy\Skeleton\Act\SkeIdle.h" />
    <ClInclude Include="Game\Actor\Enemy\Skeleton\SkeletonEnemy.h" />
    <ClInclude Include="Game\Actor\Player\Act\Walker.h" />
    <ClInclude Include="Game\Actor\Enemy\Yowai\Act\YowaIdle.h" />
    <ClInclude Include="Game\Actor\Enemy\Yowai\Act\YowaAttack.h" />
    <ClInclude Include="Game\Actor\Enemy\Act\Hit.h" />
    <ClInclude Include="Game\Ground\BigDoor.h" />
    <ClInclude Include="Game\Actor\Enemy\Act\SideWalk.h" />
    <ClInclude Include="Game\Actor\Enemy\Skeleton\Act\SkeJumpAttack.h" />
    <ClInclude Include="Game\Actor\Enemy\Slime\Slime.h" />
    <ClInclude Include="Game\Actor\Enemy\Slime\Act\SlimeStrike.h" />
    <ClInclude Include="Game\Actor\Enemy\Slime\Act\SlimeAvoid.h" />
    <ClInclude Include="Game\Actor\Enemy\Slime\Act\SlimeIdle.h" />
    <ClInclude Include="Game\Actor\Enemy\Slime\Act\SlimeRollAttack.h" />
    <ClInclude Include="Game\WayPoint\WayPointManager.h" />
    <ClInclude Include="Game\Ground\GhostCollision.h" />
    <ClInclude Include="Game\Ground\ClearDoor.h" />
    <ClInclude Include="Game\Scene\Stage2.h" />
    <ClInclude Include="Game\Scene\StageGate.h" />
    <ClInclude Include="Game\Actor\Player\Act\JumpAtk.h" />
    <ClInclude Include="Game\Ground\SkyBox.h" />
    <ClInclude Include="Game\Actor\Enemy\Archer\Archer.h" />
    <ClInclude Include="Game\Actor\Enemy\Archer\Act\Shot.h" />
    <ClInclude Include="Game\Actor\Enemy\Archer\Act\Idle.h" />
    <ClInclude Include="Game\Weapon\Arrow.h" />
    <ClInclude Include="Game\Scene\StageManager.h" />
    <ClInclude Include="Game\Util\LongPressButton.h" />
    <ClInclude Include="Game\Ground\Ladder.h" />
    <ClInclude Include="Game\Actor\Player\Act\OnLadder.h" />
    <ClInclude Include="Game\Util\DebugTimer.h" />
  </ItemGroup>
  <ItemGroup>
    <MeshContentTask Include="Assets\modelData\TestChara.fbx">
      <Filter>Assets\modelData</Filter>
    </MeshContentTask>
    <MeshContentTask Include="Assets\modelData\Sword.fbx" />
    <MeshContentTask Include="Assets\modelData\Troll.fbx" />
    <MeshContentTask Include="Assets\modelData\Shield.fbx" />
    <MeshContentTask Include="Assets\modelData\Skeleton.fbx" />
    <MeshContentTask Include="Assets\modelData\SkeSword.fbx" />
    <MeshContentTask Include="Assets\modelData\Carriage_col.fbx" />
    <MeshContentTask Include="Assets\modelData\Carriage.fbx" />
    <MeshContentTask Include="Assets\modelData\FirstStage.fbx" />
    <MeshContentTask Include="Assets\modelData\Yowai.fbx" />
    <MeshContentTask Include="Assets\modelData\BigDoor.fbx" />
    <MeshContentTask Include="Assets\modelData\Slime.fbx" />
    <MeshContentTask Include="Assets\modelData\Chara.fbx" />
    <MeshContentTask Include="Assets\modelData\FirstStageWall.fbx" />
    <MeshContentTask Include="Assets\modelData\SecondStage.fbx" />
    <MeshContentTask Include="Assets\modelData\BossTobira.fbx" />
    <MeshContentTask Include="Assets\modelData\StageGatge.fbx" />
    <MeshContentTask Include="Assets\modelData\StageGatgeBOX.fbx" />
    <MeshContentTask Include="Assets\modelData\GateOut.fbx" />
    <MeshContentTask Include="Assets\modelData\sky.fbx" />
    <MeshContentTask Include="Assets\modelData\sky2.fbx" />
    <MeshContentTask Include="Assets\modelData\Archer.fbx" />
    <MeshContentTask Include="Assets\modelData\Arrow.fbx" />
    <MeshContentTask Include="Assets\modelData\Ladder.fbx" />
    <MeshContentTask Include="Assets\modelData\Ladder_Col.fbx" />
  </ItemGroup>
  <ItemGroup>
    <ImageContentTask Include="Assets\sprite\Title_back.png" />
    <ImageContentTask Include="Assets\sprite\HpOut.png" />
    <ImageContentTask Include="Assets\sprite\HpIn.png" />
    <ImageContentTask Include="Assets\sprite\lockOn.png" />
    <ImageContentTask Include="Assets\sprite\TextBack.png" />
    <ImageContentTask Include="Assets\sprite\fade.png" />
    <ImageContentTask Include="Assets\modelData\charaSpec.png" />
    <ImageContentTask Include="Assets\modelData\SkeSwordSpec.png" />
    <ImageContentTask Include="Assets\modelData\SlimeSpec.png" />
  </ItemGroup>
</Project>