<?xml version="1.0" encoding="utf-8"?>
<Project ToolsVersion="4.0" xmlns="http://schemas.microsoft.com/developer/msbuild/2003">
  <ItemGroup>
    <Filter Include="Assets">
      <UniqueIdentifier>{aa2dff80-cc46-4aaa-9c9e-7784c2a0cdf0}</UniqueIdentifier>
    </Filter>
    <Filter Include="Assets\modelData">
      <UniqueIdentifier>{a27dfd5d-af93-4623-b084-aad00b7739c4}</UniqueIdentifier>
    </Filter>
  </ItemGroup>
  <ItemGroup>
    <ClCompile Include="Game\Actor\Player\Player.cpp" />
    <ClCompile Include="Game\main.cpp" />
    <ClCompile Include="Game\stdafx.cpp" />
    <ClCompile Include="Game\Scene\Title.cpp" />
    <ClCompile Include="Game\Scene\Stage1.cpp" />
    <ClCompile Include="Game\Ground\Ground1.cpp" />
  </ItemGroup>
  <ItemGroup>
    <ClInclude Include="Game\Actor\Player\Player.h" />
    <ClInclude Include="Game\stdafx.h" />
    <ClInclude Include="Game\Scene\Title.h" />
    <ClInclude Include="Game\Scene\Stage1.h" />
    <ClInclude Include="Game\Ground\Ground1.h" />
  </ItemGroup>
  <ItemGroup>
    <MeshContentTask Include="Assets\modelData\TestStage.fbx">
      <Filter>Assets\modelData</Filter>
    </MeshContentTask>
    <MeshContentTask Include="Assets\modelData\TestChara.fbx">
      <Filter>Assets\modelData</Filter>
    </MeshContentTask>
  </ItemGroup>
  <ItemGroup>
    <ImageContentTask Include="Assets\sprite\BLADERNL.JPG" />
    <ImageContentTask Include="Assets\sprite\Title_back.png" />
  </ItemGroup>
</Project>